
Microsoft Visual Studio Solution File, Format Version 12.00
# Visual Studio Version 17
VisualStudioVersion = 17.5.33414.496
MinimumVisualStudioVersion = 10.0.40219.1
Project("{9A19103F-16F7-4668-BE54-9A1E7A4F7556}") = "JGV.StockControl.Library", "JGV.StockControl.Library\JGV.StockControl.Library.csproj", "{6ECD96F5-3347-4DD4-9F07-16B351DC38FB}"
EndProject
Project("{9A19103F-16F7-4668-BE54-9A1E7A4F7556}") = "JGV.StockCentral.MobileApp", "JGV.StockCentral.MobileApp\JGV.StockCentral.MobileApp.csproj", "{3E621472-3660-4BE0-9473-A3FC4DA322B9}"
EndProject
Project("{FAE04EC0-301F-11D3-BF4B-00C04F79EFBC}") = "JGV.StockControl.DesktopApp", "JGV.StockControl.DesktopApp\JGV.StockControl.DesktopApp.csproj", "{8A96CD4E-1E0D-48AD-B458-39F2BE2EF94A}"
EndProject
Global
	GlobalSection(SolutionConfigurationPlatforms) = preSolution
		Debug|Any CPU = Debug|Any CPU
		Release|Any CPU = Release|Any CPU
	EndGlobalSection
	GlobalSection(ProjectConfigurationPlatforms) = postSolution
		{6ECD96F5-3347-4DD4-9F07-16B351DC38FB}.Debug|Any CPU.ActiveCfg = Debug|Any CPU
		{6ECD96F5-3347-4DD4-9F07-16B351DC38FB}.Debug|Any CPU.Build.0 = Debug|Any CPU
		{6ECD96F5-3347-4DD4-9F07-16B351DC38FB}.Release|Any CPU.ActiveCfg = Release|Any CPU
		{6ECD96F5-3347-4DD4-9F07-16B351DC38FB}.Release|Any CPU.Build.0 = Release|Any CPU
		{3E621472-3660-4BE0-9473-A3FC4DA322B9}.Debug|Any CPU.ActiveCfg = Debug|Any CPU
		{3E621472-3660-4BE0-9473-A3FC4DA322B9}.Debug|Any CPU.Build.0 = Debug|Any CPU
		{3E621472-3660-4BE0-9473-A3FC4DA322B9}.Debug|Any CPU.Deploy.0 = Debug|Any CPU
		{3E621472-3660-4BE0-9473-A3FC4DA322B9}.Release|Any CPU.ActiveCfg = Release|Any CPU
		{3E621472-3660-4BE0-9473-A3FC4DA322B9}.Release|Any CPU.Build.0 = Release|Any CPU
		{3E621472-3660-4BE0-9473-A3FC4DA322B9}.Release|Any CPU.Deploy.0 = Release|Any CPU
		{8A96CD4E-1E0D-48AD-B458-39F2BE2EF94A}.Debug|Any CPU.ActiveCfg = Debug|Any CPU
		{8A96CD4E-1E0D-48AD-B458-39F2BE2EF94A}.Debug|Any CPU.Build.0 = Debug|Any CPU
		{8A96CD4E-1E0D-48AD-B458-39F2BE2EF94A}.Release|Any CPU.ActiveCfg = Release|Any CPU
		{8A96CD4E-1E0D-48AD-B458-39F2BE2EF94A}.Release|Any CPU.Build.0 = Release|Any CPU
	EndGlobalSection
	GlobalSection(SolutionProperties) = preSolution
		HideSolutionNode = FALSE
	EndGlobalSection
	GlobalSection(ExtensibilityGlobals) = postSolution
		SolutionGuid = {FCDD30F0-A01E-496B-8DF9-11D512DDDBF0}
	EndGlobalSection
EndGlobal
